// !$*UTF8*$!
{
	archiveVersion = 1;
	classes = {
	};
	objectVersion = 46;
	objects = {

/* Begin PBXBuildFile section */
		FCEBA8DF1A440E6800F040DB /* HttpRequestOperation.m in Sources */ = {isa = PBXBuildFile; fileRef = FCEBA8DD1A440E6800F040DB /* HttpRequestOperation.m */; };
		FCEBA8E31A440EA100F040DB /* HttpUrlBuilder.m in Sources */ = {isa = PBXBuildFile; fileRef = FCEBA8E11A440EA100F040DB /* HttpUrlBuilder.m */; };
		FCEBA8E81A440EC400F040DB /* DefaultConfiguration.m in Sources */ = {isa = PBXBuildFile; fileRef = FCEBA8E51A440EC400F040DB /* DefaultConfiguration.m */; };
		FCEBA8E91A440EC400F040DB /* HttpResponseDelegatee.m in Sources */ = {isa = PBXBuildFile; fileRef = FCEBA8E71A440EC400F040DB /* HttpResponseDelegatee.m */; };
		FCEBA8F71A44115B00F040DB /* AggregatedReportInterface.m in Sources */ = {isa = PBXBuildFile; fileRef = FCEBA8F61A44115B00F040DB /* AggregatedReportInterface.m */; };
		FCEBA8FC1A44116C00F040DB /* AdvancedDataEnquiry.m in Sources */ = {isa = PBXBuildFile; fileRef = FCEBA8F91A44116C00F040DB /* AdvancedDataEnquiry.m */; };
		FCEBA9041A44117900F040DB /* AlertManagement.m in Sources */ = {isa = PBXBuildFile; fileRef = FCEBA8FE1A44117900F040DB /* AlertManagement.m */; };
		FCEBA90A1A44118600F040DB /* RuleManagement.m in Sources */ = {isa = PBXBuildFile; fileRef = FCEBA9061A44118600F040DB /* RuleManagement.m */; };
		FCEBA90D1A44119300F040DB /* InvitationManagement.m in Sources */ = {isa = PBXBuildFile; fileRef = FCEBA90C1A44119300F040DB /* InvitationManagement.m */; };
		FCEBA9101A44119E00F040DB /* UserManagement.m in Sources */ = {isa = PBXBuildFile; fileRef = FCEBA90F1A44119E00F040DB /* UserManagement.m */; };
		FCEBA9141A4411AC00F040DB /* DataManagement.m in Sources */ = {isa = PBXBuildFile; fileRef = FCEBA9121A4411AC00F040DB /* DataManagement.m */; };
		FCEBA9171A4411BB00F040DB /* ComponentTypesCatalog.m in Sources */ = {isa = PBXBuildFile; fileRef = FCEBA9161A4411BB00F040DB /* ComponentTypesCatalog.m */; };
		FCEBA91A1A4411D000F040DB /* AccountManagement.m in Sources */ = {isa = PBXBuildFile; fileRef = FCEBA9191A4411D000F040DB /* AccountManagement.m */; };
		FCEBA91D1A4411E900F040DB /* AuthorizationManagement.m in Sources */ = {isa = PBXBuildFile; fileRef = FCEBA91C1A4411E900F040DB /* AuthorizationManagement.m */; };
		FCEBA9211A44121300F040DB /* DeviceManagament.m in Sources */ = {isa = PBXBuildFile; fileRef = FCEBA9201A44121300F040DB /* DeviceManagament.m */; };
		FCEBA9241A4415D200F040DB /* HttpUrlBuilder.h in CopyFiles */ = {isa = PBXBuildFile; fileRef = FCEBA8E01A440EA100F040DB /* HttpUrlBuilder.h */; };
		FCEBA9261A4415D200F040DB /* DeviceManagament.h in CopyFiles */ = {isa = PBXBuildFile; fileRef = FCEBA91F1A44121300F040DB /* DeviceManagament.h */; };
		FCEBA9271A4415D200F040DB /* AuthorizationManagement.h in CopyFiles */ = {isa = PBXBuildFile; fileRef = FCEBA91B1A4411E900F040DB /* AuthorizationManagement.h */; };
		FCEBA9281A4415D200F040DB /* ComponentTypesCatalog.h in CopyFiles */ = {isa = PBXBuildFile; fileRef = FCEBA9151A4411BB00F040DB /* ComponentTypesCatalog.h */; };
		FCEBA9291A4415D200F040DB /* AccountManagement.h in CopyFiles */ = {isa = PBXBuildFile; fileRef = FCEBA9181A4411D000F040DB /* AccountManagement.h */; };
		FCEBA92A1A4415D200F040DB /* DataManagement.h in CopyFiles */ = {isa = PBXBuildFile; fileRef = FCEBA9111A4411AC00F040DB /* DataManagement.h */; };
		FCEBA92C1A4415D200F040DB /* UserManagement.h in CopyFiles */ = {isa = PBXBuildFile; fileRef = FCEBA90E1A44119E00F040DB /* UserManagement.h */; };
		FCEBA92D1A4415D200F040DB /* InvitationManagement.h in CopyFiles */ = {isa = PBXBuildFile; fileRef = FCEBA90B1A44119300F040DB /* InvitationManagement.h */; };
		FCEBA92E1A4415D200F040DB /* RuleManagement.h in CopyFiles */ = {isa = PBXBuildFile; fileRef = FCEBA9051A44118600F040DB /* RuleManagement.h */; };
		FCEBA9321A4415D200F040DB /* AlertManagement.h in CopyFiles */ = {isa = PBXBuildFile; fileRef = FCEBA8FD1A44117900F040DB /* AlertManagement.h */; };
		FCEBA9371A4415F500F040DB /* AdvancedDataEnquiry.h in CopyFiles */ = {isa = PBXBuildFile; fileRef = FCEBA8F81A44116C00F040DB /* AdvancedDataEnquiry.h */; };
		FCEBA9391A4415F500F040DB /* AggregatedReportInterface.h in CopyFiles */ = {isa = PBXBuildFile; fileRef = FCEBA8F51A44115B00F040DB /* AggregatedReportInterface.h */; };
		FCEBA93A1A4415F500F040DB /* DefaultConfiguration.h in CopyFiles */ = {isa = PBXBuildFile; fileRef = FCEBA8E41A440EC400F040DB /* DefaultConfiguration.h */; };
		FCEBA93B1A4415F500F040DB /* HttpResponseDelegatee.h in CopyFiles */ = {isa = PBXBuildFile; fileRef = FCEBA8E61A440EC400F040DB /* HttpResponseDelegatee.h */; };
		FCEBA95D1A44340700F040DB /* HttpRequestOperation.h in CopyFiles */ = {isa = PBXBuildFile; fileRef = FCEBA8DC1A440E6800F040DB /* HttpRequestOperation.h */; };
		FCEBA95E1A44344100F040DB /* HttpResponseMacros.h in CopyFiles */ = {isa = PBXBuildFile; fileRef = FCEBA8E21A440EA100F040DB /* HttpResponseMacros.h */; };
		FCEBA9621A44344100F040DB /* HttpResponseDelegateHandler.h in CopyFiles */ = {isa = PBXBuildFile; fileRef = FCEBA8DE1A440E6800F040DB /* HttpResponseDelegateHandler.h */; };
/* End PBXBuildFile section */

/* Begin PBXCopyFilesBuildPhase section */
		FCEBA86A1A440D9400F040DB /* CopyFiles */ = {
			isa = PBXCopyFilesBuildPhase;
			buildActionMask = 2147483647;
			dstPath = "include/$(PRODUCT_NAME)";
			dstSubfolderSpec = 16;
			files = (
				FCEBA95E1A44344100F040DB /* HttpResponseMacros.h in CopyFiles */,
				FCEBA9621A44344100F040DB /* HttpResponseDelegateHandler.h in CopyFiles */,
				FCEBA95D1A44340700F040DB /* HttpRequestOperation.h in CopyFiles */,
				FCEBA9371A4415F500F040DB /* AdvancedDataEnquiry.h in CopyFiles */,
				FCEBA9391A4415F500F040DB /* AggregatedReportInterface.h in CopyFiles */,
				FCEBA93A1A4415F500F040DB /* DefaultConfiguration.h in CopyFiles */,
				FCEBA93B1A4415F500F040DB /* HttpResponseDelegatee.h in CopyFiles */,
				FCEBA9241A4415D200F040DB /* HttpUrlBuilder.h in CopyFiles */,
				FCEBA9261A4415D200F040DB /* DeviceManagament.h in CopyFiles */,
				FCEBA9271A4415D200F040DB /* AuthorizationManagement.h in CopyFiles */,
				FCEBA9281A4415D200F040DB /* ComponentTypesCatalog.h in CopyFiles */,
				FCEBA9291A4415D200F040DB /* AccountManagement.h in CopyFiles */,
				FCEBA92A1A4415D200F040DB /* DataManagement.h in CopyFiles */,
				FCEBA92C1A4415D200F040DB /* UserManagement.h in CopyFiles */,
				FCEBA92D1A4415D200F040DB /* InvitationManagement.h in CopyFiles */,
				FCEBA92E1A4415D200F040DB /* RuleManagement.h in CopyFiles */,
				FCEBA9321A4415D200F040DB /* AlertManagement.h in CopyFiles */,
			);
			runOnlyForDeploymentPostprocessing = 0;
		};
/* End PBXCopyFilesBuildPhase section */

/* Begin PBXFileReference section */
		F5ED8CC81AA6660F0029F272 /* AttributeFilter.h */ = {isa = PBXFileReference; lastKnownFileType = sourcecode.c.h; path = AttributeFilter.h; sourceTree = "<group>"; };
		F5ED8CC91AA6660F0029F272 /* AttributeFilterList.h */ = {isa = PBXFileReference; lastKnownFileType = sourcecode.c.h; path = AttributeFilterList.h; sourceTree = "<group>"; };
		F5ED8CCA1AA6660F0029F272 /* ConditionCmpsValuePoints.h */ = {isa = PBXFileReference; lastKnownFileType = sourcecode.c.h; path = ConditionCmpsValuePoints.h; sourceTree = "<group>"; };
		F5ED8CCB1AA6660F0029F272 /* ConfigureRetrieveData.h */ = {isa = PBXFileReference; lastKnownFileType = sourcecode.c.h; path = ConfigureRetrieveData.h; sourceTree = "<group>"; };
		F5ED8CCC1AA6660F0029F272 /* CreateDevice.h */ = {isa = PBXFileReference; lastKnownFileType = sourcecode.c.h; path = CreateDevice.h; sourceTree = "<group>"; };
		F5ED8CCD1AA6660F0029F272 /* CreateNewAlert.h */ = {isa = PBXFileReference; lastKnownFileType = sourcecode.c.h; path = CreateNewAlert.h; sourceTree = "<group>"; };
		F5ED8CCE1AA6660F0029F272 /* CreateNewAlertData.h */ = {isa = PBXFileReference; lastKnownFileType = sourcecode.c.h; path = CreateNewAlertData.h; sourceTree = "<group>"; };
		F5ED8CCF1AA6660F0029F272 /* CreateNewAlertDataConditionComponents.h */ = {isa = PBXFileReference; lastKnownFileType = sourcecode.c.h; path = CreateNewAlertDataConditionComponents.h; sourceTree = "<group>"; };
		F5ED8CD01AA6660F0029F272 /* CreateNewAlertDataConditions.h */ = {isa = PBXFileReference; lastKnownFileType = sourcecode.c.h; path = CreateNewAlertDataConditions.h; sourceTree = "<group>"; };
		F5ED8CD11AA6660F0029F272 /* CreateOrUpdateComponentCatalog.h */ = {isa = PBXFileReference; lastKnownFileType = sourcecode.c.h; path = CreateOrUpdateComponentCatalog.h; sourceTree = "<group>"; };
		F5ED8CD21AA6660F0029F272 /* CreateRule.h */ = {isa = PBXFileReference; lastKnownFileType = sourcecode.c.h; path = CreateRule.h; sourceTree = "<group>"; };
		F5ED8CD31AA6660F0029F272 /* CreateRuleActions.h */ = {isa = PBXFileReference; lastKnownFileType = sourcecode.c.h; path = CreateRuleActions.h; sourceTree = "<group>"; };
		F5ED8CD41AA6660F0029F272 /* CreateRuleConditionValues.h */ = {isa = PBXFileReference; lastKnownFileType = sourcecode.c.h; path = CreateRuleConditionValues.h; sourceTree = "<group>"; };
		FCEBA86C1A440D9400F040DB /* libIoTKitLib.a */ = {isa = PBXFileReference; explicitFileType = archive.ar; includeInIndex = 0; path = libIoTKitLib.a; sourceTree = BUILT_PRODUCTS_DIR; };
		FCEBA8DC1A440E6800F040DB /* HttpRequestOperation.h */ = {isa = PBXFileReference; fileEncoding = 4; lastKnownFileType = sourcecode.c.h; path = HttpRequestOperation.h; sourceTree = "<group>"; };
		FCEBA8DD1A440E6800F040DB /* HttpRequestOperation.m */ = {isa = PBXFileReference; fileEncoding = 4; lastKnownFileType = sourcecode.c.objc; path = HttpRequestOperation.m; sourceTree = "<group>"; };
		FCEBA8DE1A440E6800F040DB /* HttpResponseDelegateHandler.h */ = {isa = PBXFileReference; fileEncoding = 4; lastKnownFileType = sourcecode.c.h; path = HttpResponseDelegateHandler.h; sourceTree = "<group>"; };
		FCEBA8E01A440EA100F040DB /* HttpUrlBuilder.h */ = {isa = PBXFileReference; fileEncoding = 4; lastKnownFileType = sourcecode.c.h; path = HttpUrlBuilder.h; sourceTree = "<group>"; };
		FCEBA8E11A440EA100F040DB /* HttpUrlBuilder.m */ = {isa = PBXFileReference; fileEncoding = 4; lastKnownFileType = sourcecode.c.objc; path = HttpUrlBuilder.m; sourceTree = "<group>"; };
		FCEBA8E21A440EA100F040DB /* HttpResponseMacros.h */ = {isa = PBXFileReference; fileEncoding = 4; lastKnownFileType = sourcecode.c.h; path = HttpResponseMacros.h; sourceTree = "<group>"; };
		FCEBA8E41A440EC400F040DB /* DefaultConfiguration.h */ = {isa = PBXFileReference; fileEncoding = 4; lastKnownFileType = sourcecode.c.h; path = DefaultConfiguration.h; sourceTree = "<group>"; };
		FCEBA8E51A440EC400F040DB /* DefaultConfiguration.m */ = {isa = PBXFileReference; fileEncoding = 4; lastKnownFileType = sourcecode.c.objc; path = DefaultConfiguration.m; sourceTree = "<group>"; };
		FCEBA8E61A440EC400F040DB /* HttpResponseDelegatee.h */ = {isa = PBXFileReference; fileEncoding = 4; lastKnownFileType = sourcecode.c.h; path = HttpResponseDelegatee.h; sourceTree = "<group>"; };
		FCEBA8E71A440EC400F040DB /* HttpResponseDelegatee.m */ = {isa = PBXFileReference; fileEncoding = 4; lastKnownFileType = sourcecode.c.objc; path = HttpResponseDelegatee.m; sourceTree = "<group>"; };
		FCEBA8F51A44115B00F040DB /* AggregatedReportInterface.h */ = {isa = PBXFileReference; fileEncoding = 4; lastKnownFileType = sourcecode.c.h; path = AggregatedReportInterface.h; sourceTree = "<group>"; };
		FCEBA8F61A44115B00F040DB /* AggregatedReportInterface.m */ = {isa = PBXFileReference; fileEncoding = 4; lastKnownFileType = sourcecode.c.objc; path = AggregatedReportInterface.m; sourceTree = "<group>"; };
		FCEBA8F81A44116C00F040DB /* AdvancedDataEnquiry.h */ = {isa = PBXFileReference; fileEncoding = 4; lastKnownFileType = sourcecode.c.h; path = AdvancedDataEnquiry.h; sourceTree = "<group>"; };
		FCEBA8F91A44116C00F040DB /* AdvancedDataEnquiry.m */ = {isa = PBXFileReference; fileEncoding = 4; lastKnownFileType = sourcecode.c.objc; path = AdvancedDataEnquiry.m; sourceTree = "<group>"; };
		FCEBA8FD1A44117900F040DB /* AlertManagement.h */ = {isa = PBXFileReference; fileEncoding = 4; lastKnownFileType = sourcecode.c.h; path = AlertManagement.h; sourceTree = "<group>"; };
		FCEBA8FE1A44117900F040DB /* AlertManagement.m */ = {isa = PBXFileReference; fileEncoding = 4; lastKnownFileType = sourcecode.c.objc; path = AlertManagement.m; sourceTree = "<group>"; };
		FCEBA9051A44118600F040DB /* RuleManagement.h */ = {isa = PBXFileReference; fileEncoding = 4; lastKnownFileType = sourcecode.c.h; path = RuleManagement.h; sourceTree = "<group>"; };
		FCEBA9061A44118600F040DB /* RuleManagement.m */ = {isa = PBXFileReference; fileEncoding = 4; lastKnownFileType = sourcecode.c.objc; path = RuleManagement.m; sourceTree = "<group>"; };
		FCEBA90B1A44119300F040DB /* InvitationManagement.h */ = {isa = PBXFileReference; fileEncoding = 4; lastKnownFileType = sourcecode.c.h; path = InvitationManagement.h; sourceTree = "<group>"; };
		FCEBA90C1A44119300F040DB /* InvitationManagement.m */ = {isa = PBXFileReference; fileEncoding = 4; lastKnownFileType = sourcecode.c.objc; path = InvitationManagement.m; sourceTree = "<group>"; };
		FCEBA90E1A44119E00F040DB /* UserManagement.h */ = {isa = PBXFileReference; fileEncoding = 4; lastKnownFileType = sourcecode.c.h; path = UserManagement.h; sourceTree = "<group>"; };
		FCEBA90F1A44119E00F040DB /* UserManagement.m */ = {isa = PBXFileReference; fileEncoding = 4; lastKnownFileType = sourcecode.c.objc; path = UserManagement.m; sourceTree = "<group>"; };
		FCEBA9111A4411AC00F040DB /* DataManagement.h */ = {isa = PBXFileReference; fileEncoding = 4; lastKnownFileType = sourcecode.c.h; path = DataManagement.h; sourceTree = "<group>"; };
		FCEBA9121A4411AC00F040DB /* DataManagement.m */ = {isa = PBXFileReference; fileEncoding = 4; lastKnownFileType = sourcecode.c.objc; path = DataManagement.m; sourceTree = "<group>"; };
		FCEBA9151A4411BB00F040DB /* ComponentTypesCatalog.h */ = {isa = PBXFileReference; fileEncoding = 4; lastKnownFileType = sourcecode.c.h; path = ComponentTypesCatalog.h; sourceTree = "<group>"; };
		FCEBA9161A4411BB00F040DB /* ComponentTypesCatalog.m */ = {isa = PBXFileReference; fileEncoding = 4; lastKnownFileType = sourcecode.c.objc; path = ComponentTypesCatalog.m; sourceTree = "<group>"; };
		FCEBA9181A4411D000F040DB /* AccountManagement.h */ = {isa = PBXFileReference; fileEncoding = 4; lastKnownFileType = sourcecode.c.h; path = AccountManagement.h; sourceTree = "<group>"; };
		FCEBA9191A4411D000F040DB /* AccountManagement.m */ = {isa = PBXFileReference; fileEncoding = 4; lastKnownFileType = sourcecode.c.objc; path = AccountManagement.m; sourceTree = "<group>"; };
		FCEBA91B1A4411E900F040DB /* AuthorizationManagement.h */ = {isa = PBXFileReference; fileEncoding = 4; lastKnownFileType = sourcecode.c.h; path = AuthorizationManagement.h; sourceTree = "<group>"; };
		FCEBA91C1A4411E900F040DB /* AuthorizationManagement.m */ = {isa = PBXFileReference; fileEncoding = 4; lastKnownFileType = sourcecode.c.objc; path = AuthorizationManagement.m; sourceTree = "<group>"; };
		FCEBA91F1A44121300F040DB /* DeviceManagament.h */ = {isa = PBXFileReference; fileEncoding = 4; lastKnownFileType = sourcecode.c.h; path = DeviceManagament.h; sourceTree = "<group>"; };
		FCEBA9201A44121300F040DB /* DeviceManagament.m */ = {isa = PBXFileReference; fileEncoding = 4; lastKnownFileType = sourcecode.c.objc; path = DeviceManagament.m; sourceTree = "<group>"; };
		FCFC55781A47FF5E000C54BF /* HttpUrlMacros.h */ = {isa = PBXFileReference; fileEncoding = 4; lastKnownFileType = sourcecode.c.h; path = HttpUrlMacros.h; sourceTree = "<group>"; };
/* End PBXFileReference section */

/* Begin PBXFrameworksBuildPhase section */
		FCEBA8691A440D9400F040DB /* Frameworks */ = {
			isa = PBXFrameworksBuildPhase;
			buildActionMask = 2147483647;
			files = (
			);
			runOnlyForDeploymentPostprocessing = 0;
		};
/* End PBXFrameworksBuildPhase section */

/* Begin PBXGroup section */
		F5ED8CC71AA665890029F272 /* models */ = {
			isa = PBXGroup;
			children = (
				F5ED8CC81AA6660F0029F272 /* AttributeFilter.h */,
				F5ED8CC91AA6660F0029F272 /* AttributeFilterList.h */,
				F5ED8CCA1AA6660F0029F272 /* ConditionCmpsValuePoints.h */,
				F5ED8CCB1AA6660F0029F272 /* ConfigureRetrieveData.h */,
				F5ED8CCC1AA6660F0029F272 /* CreateDevice.h */,
				F5ED8CCD1AA6660F0029F272 /* CreateNewAlert.h */,
				F5ED8CCE1AA6660F0029F272 /* CreateNewAlertData.h */,
				F5ED8CCF1AA6660F0029F272 /* CreateNewAlertDataConditionComponents.h */,
				F5ED8CD01AA6660F0029F272 /* CreateNewAlertDataConditions.h */,
				F5ED8CD11AA6660F0029F272 /* CreateOrUpdateComponentCatalog.h */,
				F5ED8CD21AA6660F0029F272 /* CreateRule.h */,
				F5ED8CD31AA6660F0029F272 /* CreateRuleActions.h */,
				F5ED8CD41AA6660F0029F272 /* CreateRuleConditionValues.h */,
			);
			path = models;
			sourceTree = "<group>";
		};
		FCEBA8631A440D9400F040DB = {
			isa = PBXGroup;
			children = (
				FCEBA86E1A440D9400F040DB /* IoTKitLib */,
				FCEBA86D1A440D9400F040DB /* Products */,
			);
			sourceTree = "<group>";
		};
		FCEBA86D1A440D9400F040DB /* Products */ = {
			isa = PBXGroup;
			children = (
				FCEBA86C1A440D9400F040DB /* libIoTKitLib.a */,
			);
			name = Products;
			sourceTree = "<group>";
		};
		FCEBA86E1A440D9400F040DB /* IoTKitLib */ = {
			isa = PBXGroup;
			children = (
				F5ED8CC71AA665890029F272 /* models */,
				FCEBA91F1A44121300F040DB /* DeviceManagament.h */,
				FCEBA9201A44121300F040DB /* DeviceManagament.m */,
				FCEBA91B1A4411E900F040DB /* AuthorizationManagement.h */,
				FCEBA91C1A4411E900F040DB /* AuthorizationManagement.m */,
				FCEBA9151A4411BB00F040DB /* ComponentTypesCatalog.h */,
				FCEBA9161A4411BB00F040DB /* ComponentTypesCatalog.m */,
				FCEBA9181A4411D000F040DB /* AccountManagement.h */,
				FCEBA9191A4411D000F040DB /* AccountManagement.m */,
				FCEBA9111A4411AC00F040DB /* DataManagement.h */,
				FCEBA9121A4411AC00F040DB /* DataManagement.m */,
				FCEBA90E1A44119E00F040DB /* UserManagement.h */,
				FCEBA90F1A44119E00F040DB /* UserManagement.m */,
				FCEBA90B1A44119300F040DB /* InvitationManagement.h */,
				FCEBA90C1A44119300F040DB /* InvitationManagement.m */,
				FCEBA9051A44118600F040DB /* RuleManagement.h */,
				FCEBA9061A44118600F040DB /* RuleManagement.m */,
				FCEBA8FD1A44117900F040DB /* AlertManagement.h */,
				FCEBA8FE1A44117900F040DB /* AlertManagement.m */,
				FCEBA8F81A44116C00F040DB /* AdvancedDataEnquiry.h */,
				FCEBA8F91A44116C00F040DB /* AdvancedDataEnquiry.m */,
				FCEBA8F51A44115B00F040DB /* AggregatedReportInterface.h */,
				FCEBA8F61A44115B00F040DB /* AggregatedReportInterface.m */,
				FCEBA8E41A440EC400F040DB /* DefaultConfiguration.h */,
				FCEBA8E51A440EC400F040DB /* DefaultConfiguration.m */,
				FCEBA8DB1A440E5500F040DB /* utils */,
				FCEBA8D91A440E4100F040DB /* http */,
			);
			path = IoTKitLib;
			sourceTree = "<group>";
		};
		FCEBA8D91A440E4100F040DB /* http */ = {
			isa = PBXGroup;
			children = (
				FCEBA8E61A440EC400F040DB /* HttpResponseDelegatee.h */,
				FCEBA8E71A440EC400F040DB /* HttpResponseDelegatee.m */,
				FCEBA8DC1A440E6800F040DB /* HttpRequestOperation.h */,
				FCEBA8DD1A440E6800F040DB /* HttpRequestOperation.m */,
				FCEBA8DE1A440E6800F040DB /* HttpResponseDelegateHandler.h */,
			);
			path = http;
			sourceTree = "<group>";
		};
		FCEBA8DB1A440E5500F040DB /* utils */ = {
			isa = PBXGroup;
			children = (
				FCFC55781A47FF5E000C54BF /* HttpUrlMacros.h */,
				FCEBA8E01A440EA100F040DB /* HttpUrlBuilder.h */,
				FCEBA8E11A440EA100F040DB /* HttpUrlBuilder.m */,
				FCEBA8E21A440EA100F040DB /* HttpResponseMacros.h */,
			);
			path = utils;
			sourceTree = "<group>";
		};
/* End PBXGroup section */

/* Begin PBXNativeTarget section */
		FCEBA86B1A440D9400F040DB /* IoTKitLib */ = {
			isa = PBXNativeTarget;
			buildConfigurationList = FCEBA8801A440D9400F040DB /* Build configuration list for PBXNativeTarget "IoTKitLib" */;
			buildPhases = (
				FCEBA8681A440D9400F040DB /* Sources */,
				FCEBA8691A440D9400F040DB /* Frameworks */,
				FCEBA86A1A440D9400F040DB /* CopyFiles */,
			);
			buildRules = (
			);
			dependencies = (
			);
			name = IoTKitLib;
			productName = IoTKitLib;
			productReference = FCEBA86C1A440D9400F040DB /* libIoTKitLib.a */;
			productType = "com.apple.product-type.library.static";
		};
/* End PBXNativeTarget section */

/* Begin PBXProject section */
		FCEBA8641A440D9400F040DB /* Project object */ = {
			isa = PBXProject;
			attributes = {
				LastUpgradeCheck = 0610;
				ORGANIZATIONNAME = Intel;
				TargetAttributes = {
					FCEBA86B1A440D9400F040DB = {
						CreatedOnToolsVersion = 6.1.1;
					};
				};
			};
			buildConfigurationList = FCEBA8671A440D9400F040DB /* Build configuration list for PBXProject "IoTKitLib" */;
			compatibilityVersion = "Xcode 3.2";
			developmentRegion = English;
			hasScannedForEncodings = 0;
			knownRegions = (
				en,
			);
			mainGroup = FCEBA8631A440D9400F040DB;
			productRefGroup = FCEBA86D1A440D9400F040DB /* Products */;
			projectDirPath = "";
			projectRoot = "";
			targets = (
				FCEBA86B1A440D9400F040DB /* IoTKitLib */,
			);
		};
/* End PBXProject section */

/* Begin PBXSourcesBuildPhase section */
		FCEBA8681A440D9400F040DB /* Sources */ = {
			isa = PBXSourcesBuildPhase;
			buildActionMask = 2147483647;
			files = (
				FCEBA91D1A4411E900F040DB /* AuthorizationManagement.m in Sources */,
				FCEBA90A1A44118600F040DB /* RuleManagement.m in Sources */,
				FCEBA9041A44117900F040DB /* AlertManagement.m in Sources */,
				FCEBA8E81A440EC400F040DB /* DefaultConfiguration.m in Sources */,
				FCEBA9101A44119E00F040DB /* UserManagement.m in Sources */,
				FCEBA91A1A4411D000F040DB /* AccountManagement.m in Sources */,
				FCEBA90D1A44119300F040DB /* InvitationManagement.m in Sources */,
				FCEBA8F71A44115B00F040DB /* AggregatedReportInterface.m in Sources */,
				FCEBA8E91A440EC400F040DB /* HttpResponseDelegatee.m in Sources */,
				FCEBA8DF1A440E6800F040DB /* HttpRequestOperation.m in Sources */,
				FCEBA9141A4411AC00F040DB /* DataManagement.m in Sources */,
				FCEBA9171A4411BB00F040DB /* ComponentTypesCatalog.m in Sources */,
				FCEBA8E31A440EA100F040DB /* HttpUrlBuilder.m in Sources */,
				FCEBA8FC1A44116C00F040DB /* AdvancedDataEnquiry.m in Sources */,
				FCEBA9211A44121300F040DB /* DeviceManagament.m in Sources */,
			);
			runOnlyForDeploymentPostprocessing = 0;
		};
/* End PBXSourcesBuildPhase section */

/* Begin XCBuildConfiguration section */
		FCEBA87E1A440D9400F040DB /* Debug */ = {
			isa = XCBuildConfiguration;
			buildSettings = {
				ALWAYS_SEARCH_USER_PATHS = NO;
				CLANG_CXX_LANGUAGE_STANDARD = "gnu++0x";
				CLANG_CXX_LIBRARY = "libc++";
				CLANG_ENABLE_MODULES = YES;
				CLANG_ENABLE_OBJC_ARC = YES;
				CLANG_WARN_BOOL_CONVERSION = YES;
				CLANG_WARN_CONSTANT_CONVERSION = YES;
				CLANG_WARN_DIRECT_OBJC_ISA_USAGE = YES_ERROR;
				CLANG_WARN_EMPTY_BODY = YES;
				CLANG_WARN_ENUM_CONVERSION = YES;
				CLANG_WARN_INT_CONVERSION = YES;
				CLANG_WARN_OBJC_ROOT_CLASS = YES_ERROR;
				CLANG_WARN_UNREACHABLE_CODE = YES;
				CLANG_WARN__DUPLICATE_METHOD_MATCH = YES;
				COPY_PHASE_STRIP = NO;
				ENABLE_STRICT_OBJC_MSGSEND = YES;
				GCC_C_LANGUAGE_STANDARD = gnu99;
				GCC_DYNAMIC_NO_PIC = NO;
				GCC_OPTIMIZATION_LEVEL = 0;
				GCC_PREPROCESSOR_DEFINITIONS = (
					"DEBUG=1",
					"$(inherited)",
				);
				GCC_SYMBOLS_PRIVATE_EXTERN = NO;
				GCC_WARN_64_TO_32_BIT_CONVERSION = YES;
				GCC_WARN_ABOUT_RETURN_TYPE = YES_ERROR;
				GCC_WARN_UNDECLARED_SELECTOR = YES;
				GCC_WARN_UNINITIALIZED_AUTOS = YES_AGGRESSIVE;
				GCC_WARN_UNUSED_FUNCTION = YES;
				GCC_WARN_UNUSED_VARIABLE = YES;
				IPHONEOS_DEPLOYMENT_TARGET = 8.1;
				MTL_ENABLE_DEBUG_INFO = YES;
				ONLY_ACTIVE_ARCH = YES;
				SDKROOT = iphoneos;
			};
			name = Debug;
		};
		FCEBA87F1A440D9400F040DB /* Release */ = {
			isa = XCBuildConfiguration;
			buildSettings = {
				ALWAYS_SEARCH_USER_PATHS = NO;
				CLANG_CXX_LANGUAGE_STANDARD = "gnu++0x";
				CLANG_CXX_LIBRARY = "libc++";
				CLANG_ENABLE_MODULES = YES;
				CLANG_ENABLE_OBJC_ARC = YES;
				CLANG_WARN_BOOL_CONVERSION = YES;
				CLANG_WARN_CONSTANT_CONVERSION = YES;
				CLANG_WARN_DIRECT_OBJC_ISA_USAGE = YES_ERROR;
				CLANG_WARN_EMPTY_BODY = YES;
				CLANG_WARN_ENUM_CONVERSION = YES;
				CLANG_WARN_INT_CONVERSION = YES;
				CLANG_WARN_OBJC_ROOT_CLASS = YES_ERROR;
				CLANG_WARN_UNREACHABLE_CODE = YES;
				CLANG_WARN__DUPLICATE_METHOD_MATCH = YES;
				COPY_PHASE_STRIP = YES;
				ENABLE_NS_ASSERTIONS = NO;
				ENABLE_STRICT_OBJC_MSGSEND = YES;
				GCC_C_LANGUAGE_STANDARD = gnu99;
				GCC_WARN_64_TO_32_BIT_CONVERSION = YES;
				GCC_WARN_ABOUT_RETURN_TYPE = YES_ERROR;
				GCC_WARN_UNDECLARED_SELECTOR = YES;
				GCC_WARN_UNINITIALIZED_AUTOS = YES_AGGRESSIVE;
				GCC_WARN_UNUSED_FUNCTION = YES;
				GCC_WARN_UNUSED_VARIABLE = YES;
				IPHONEOS_DEPLOYMENT_TARGET = 8.1;
				MTL_ENABLE_DEBUG_INFO = NO;
				SDKROOT = iphoneos;
				VALIDATE_PRODUCT = YES;
			};
			name = Release;
		};
		FCEBA8811A440D9400F040DB /* Debug */ = {
			isa = XCBuildConfiguration;
			buildSettings = {
				OTHER_LDFLAGS = "-ObjC";
				PRODUCT_NAME = "$(TARGET_NAME)";
				SKIP_INSTALL = YES;
			};
			name = Debug;
		};
		FCEBA8821A440D9400F040DB /* Release */ = {
			isa = XCBuildConfiguration;
			buildSettings = {
				OTHER_LDFLAGS = "-ObjC";
				PRODUCT_NAME = "$(TARGET_NAME)";
				SKIP_INSTALL = YES;
			};
			name = Release;
		};
/* End XCBuildConfiguration section */

/* Begin XCConfigurationList section */
		FCEBA8671A440D9400F040DB /* Build configuration list for PBXProject "IoTKitLib" */ = {
			isa = XCConfigurationList;
			buildConfigurations = (
				FCEBA87E1A440D9400F040DB /* Debug */,
				FCEBA87F1A440D9400F040DB /* Release */,
			);
			defaultConfigurationIsVisible = 0;
			defaultConfigurationName = Release;
		};
		FCEBA8801A440D9400F040DB /* Build configuration list for PBXNativeTarget "IoTKitLib" */ = {
			isa = XCConfigurationList;
			buildConfigurations = (
				FCEBA8811A440D9400F040DB /* Debug */,
				FCEBA8821A440D9400F040DB /* Release */,
			);
			defaultConfigurationIsVisible = 0;
			defaultConfigurationName = Release;
		};
/* End XCConfigurationList section */
	};
	rootObject = FCEBA8641A440D9400F040DB /* Project object */;
}
